// !$*UTF8*$!
{
	archiveVersion = 1;
	classes = {
	};
	objectVersion = 50;
	objects = {

/* Begin PBXBuildFile section */
		E11D3C35228AD84E0054A1BB /* AppDelegate.swift in Sources */ = {isa = PBXBuildFile; fileRef = E11D3C34228AD84E0054A1BB /* AppDelegate.swift */; };
		E11D3C37228AD84E0054A1BB /* ViewController.swift in Sources */ = {isa = PBXBuildFile; fileRef = E11D3C36228AD84E0054A1BB /* ViewController.swift */; };
		E11D3C3A228AD84E0054A1BB /* Main.storyboard in Resources */ = {isa = PBXBuildFile; fileRef = E11D3C38228AD84E0054A1BB /* Main.storyboard */; };
		E11D3C3C228AD8500054A1BB /* Assets.xcassets in Resources */ = {isa = PBXBuildFile; fileRef = E11D3C3B228AD8500054A1BB /* Assets.xcassets */; };
		E11D3C3F228AD8500054A1BB /* LaunchScreen.storyboard in Resources */ = {isa = PBXBuildFile; fileRef = E11D3C3D228AD8500054A1BB /* LaunchScreen.storyboard */; };
/* End PBXBuildFile section */

/* Begin PBXFileReference section */
		E11D3C31228AD84E0054A1BB /* Tips 07_01_Substrings.app */ = {isa = PBXFileReference; explicitFileType = wrapper.application; includeInIndex = 0; path = "Tips 07_01_Substrings.app"; sourceTree = BUILT_PRODUCTS_DIR; };
		E11D3C34228AD84E0054A1BB /* AppDelegate.swift */ = {isa = PBXFileReference; lastKnownFileType = sourcecode.swift; path = AppDelegate.swift; sourceTree = "<group>"; };
		E11D3C36228AD84E0054A1BB /* ViewController.swift */ = {isa = PBXFileReference; lastKnownFileType = sourcecode.swift; path = ViewController.swift; sourceTree = "<group>"; };
		E11D3C39228AD84E0054A1BB /* Base */ = {isa = PBXFileReference; lastKnownFileType = file.storyboard; name = Base; path = Base.lproj/Main.storyboard; sourceTree = "<group>"; };
		E11D3C3B228AD8500054A1BB /* Assets.xcassets */ = {isa = PBXFileReference; lastKnownFileType = folder.assetcatalog; path = Assets.xcassets; sourceTree = "<group>"; };
		E11D3C3E228AD8500054A1BB /* Base */ = {isa = PBXFileReference; lastKnownFileType = file.storyboard; name = Base; path = Base.lproj/LaunchScreen.storyboard; sourceTree = "<group>"; };
		E11D3C40228AD8500054A1BB /* Info.plist */ = {isa = PBXFileReference; lastKnownFileType = text.plist.xml; path = Info.plist; sourceTree = "<group>"; };
		E11D3C46228AD86D0054A1BB /* Substring.playground */ = {isa = PBXFileReference; lastKnownFileType = file.playground; path = Substring.playground; sourceTree = "<group>"; xcLanguageSpecificationIdentifier = xcode.lang.swift; };
/* End PBXFileReference section */

/* Begin PBXFrameworksBuildPhase section */
		E11D3C2E228AD84E0054A1BB /* Frameworks */ = {
			isa = PBXFrameworksBuildPhase;
			buildActionMask = 2147483647;
			files = (
			);
			runOnlyForDeploymentPostprocessing = 0;
		};
/* End PBXFrameworksBuildPhase section */

/* Begin PBXGroup section */
		E11D3C28228AD84E0054A1BB = {
			isa = PBXGroup;
			children = (
				E11D3C46228AD86D0054A1BB /* Substring.playground */,
				E11D3C33228AD84E0054A1BB /* Tips 07_01_Substrings */,
				E11D3C32228AD84E0054A1BB /* Products */,
			);
			sourceTree = "<group>";
		};
		E11D3C32228AD84E0054A1BB /* Products */ = {
			isa = PBXGroup;
			children = (
				E11D3C31228AD84E0054A1BB /* Tips 07_01_Substrings.app */,
			);
			name = Products;
			sourceTree = "<group>";
		};
		E11D3C33228AD84E0054A1BB /* Tips 07_01_Substrings */ = {
			isa = PBXGroup;
			children = (
				E11D3C34228AD84E0054A1BB /* AppDelegate.swift */,
				E11D3C36228AD84E0054A1BB /* ViewController.swift */,
				E11D3C38228AD84E0054A1BB /* Main.storyboard */,
				E11D3C3B228AD8500054A1BB /* Assets.xcassets */,
				E11D3C3D228AD8500054A1BB /* LaunchScreen.storyboard */,
				E11D3C40228AD8500054A1BB /* Info.plist */,
			);
			path = "Tips 07_01_Substrings";
			sourceTree = "<group>";
		};
/* End PBXGroup section */

/* Begin PBXNativeTarget section */
		E11D3C30228AD84E0054A1BB /* Tips 07_01_Substrings */ = {
			isa = PBXNativeTarget;
			buildConfigurationList = E11D3C43228AD8500054A1BB /* Build configuration list for PBXNativeTarget "Tips 07_01_Substrings" */;
			buildPhases = (
				E11D3C2D228AD84E0054A1BB /* Sources */,
				E11D3C2E228AD84E0054A1BB /* Frameworks */,
				E11D3C2F228AD84E0054A1BB /* Resources */,
			);
			buildRules = (
			);
			dependencies = (
			);
			name = "Tips 07_01_Substrings";
			productName = "Tips 07_01_Substrings";
			productReference = E11D3C31228AD84E0054A1BB /* Tips 07_01_Substrings.app */;
			productType = "com.apple.product-type.application";
		};
/* End PBXNativeTarget section */

/* Begin PBXProject section */
		E11D3C29228AD84E0054A1BB /* Project object */ = {
			isa = PBXProject;
			attributes = {
				LastSwiftUpdateCheck = 1020;
				LastUpgradeCheck = 1020;
				ORGANIZATIONNAME = "Steven Lipton";
				TargetAttributes = {
					E11D3C30228AD84E0054A1BB = {
						CreatedOnToolsVersion = 10.2.1;
					};
				};
			};
			buildConfigurationList = E11D3C2C228AD84E0054A1BB /* Build configuration list for PBXProject "Tips 07_01_Substrings" */;
			compatibilityVersion = "Xcode 9.3";
			developmentRegion = en;
			hasScannedForEncodings = 0;
			knownRegions = (
				en,
				Base,
			);
			mainGroup = E11D3C28228AD84E0054A1BB;
			productRefGroup = E11D3C32228AD84E0054A1BB /* Products */;
			projectDirPath = "";
			projectRoot = "";
			targets = (
				E11D3C30228AD84E0054A1BB /* Tips 07_01_Substrings */,
			);
		};
/* End PBXProject section */

/* Begin PBXResourcesBuildPhase section */
		E11D3C2F228AD84E0054A1BB /* Resources */ = {
			isa = PBXResourcesBuildPhase;
			buildActionMask = 2147483647;
			files = (
				E11D3C3F228AD8500054A1BB /* LaunchScreen.storyboard in Resources */,
				E11D3C3C228AD8500054A1BB /* Assets.xcassets in Resources */,
				E11D3C3A228AD84E0054A1BB /* Main.storyboard in Resources */,
			);
			runOnlyForDeploymentPostprocessing = 0;
		};
/* End PBXResourcesBuildPhase section */

/* Begin PBXSourcesBuildPhase section */
		E11D3C2D228AD84E0054A1BB /* Sources */ = {
			isa = PBXSourcesBuildPhase;
			buildActionMask = 2147483647;
			files = (
				E11D3C37228AD84E0054A1BB /* ViewController.swift in Sources */,
				E11D3C35228AD84E0054A1BB /* AppDelegate.swift in Sources */,
			);
			runOnlyForDeploymentPostprocessing = 0;
		};
/* End PBXSourcesBuildPhase section */

/* Begin PBXVariantGroup section */
		E11D3C38228AD84E0054A1BB /* Main.storyboard */ = {
			isa = PBXVariantGroup;
			children = (
				E11D3C39228AD84E0054A1BB /* Base */,
			);
			name = Main.storyboard;
			sourceTree = "<group>";
		};
		E11D3C3D228AD8500054A1BB /* LaunchScreen.storyboard */ = {
			isa = PBXVariantGroup;
			children = (
				E11D3C3E228AD8500054A1BB /* Base */,
			);
			name = LaunchScreen.storyboard;
			sourceTree = "<group>";
		};
/* End PBXVariantGroup section */

/* Begin XCBuildConfiguration section */
		E11D3C41228AD8500054A1BB /* Debug */ = {
			isa = XCBuildConfiguration;
			buildSettings = {
				ALWAYS_SEARCH_USER_PATHS = NO;
				CLANG_ANALYZER_NONNULL = YES;
				CLANG_ANALYZER_NUMBER_OBJECT_CONVERSION = YES_AGGRESSIVE;
				CLANG_CXX_LANGUAGE_STANDARD = "gnu++14";
				CLANG_CXX_LIBRARY = "libc++";
				CLANG_ENABLE_MODULES = YES;
				CLANG_ENABLE_OBJC_ARC = YES;
				CLANG_ENABLE_OBJC_WEAK = YES;
				CLANG_WARN_BLOCK_CAPTURE_AUTORELEASING = YES;
				CLANG_WARN_BOOL_CONVERSION = YES;
				CLANG_WARN_COMMA = YES;
				CLANG_WARN_CONSTANT_CONVERSION = YES;
				CLANG_WARN_DEPRECATED_OBJC_IMPLEMENTATIONS = YES;
				CLANG_WARN_DIRECT_OBJC_ISA_USAGE = YES_ERROR;
				CLANG_WARN_DOCUMENTATION_COMMENTS = YES;
				CLANG_WARN_EMPTY_BODY = YES;
				CLANG_WARN_ENUM_CONVERSION = YES;
				CLANG_WARN_INFINITE_RECURSION = YES;
				CLANG_WARN_INT_CONVERSION = YES;
				CLANG_WARN_NON_LITERAL_NULL_CONVERSION = YES;
				CLANG_WARN_OBJC_IMPLICIT_RETAIN_SELF = YES;
				CLANG_WARN_OBJC_LITERAL_CONVERSION = YES;
				CLANG_WARN_OBJC_ROOT_CLASS = YES_ERROR;
				CLANG_WARN_RANGE_LOOP_ANALYSIS = YES;
				CLANG_WARN_STRICT_PROTOTYPES = YES;
				CLANG_WARN_SUSPICIOUS_MOVE = YES;
				CLANG_WARN_UNGUARDED_AVAILABILITY = YES_AGGRESSIVE;
				CLANG_WARN_UNREACHABLE_CODE = YES;
				CLANG_WARN__DUPLICATE_METHOD_MATCH = YES;
				CODE_SIGN_IDENTITY = "iPhone Developer";
				COPY_PHASE_STRIP = NO;
				DEBUG_INFORMATION_FORMAT = dwarf;
				ENABLE_STRICT_OBJC_MSGSEND = YES;
				ENABLE_TESTABILITY = YES;
				GCC_C_LANGUAGE_STANDARD = gnu11;
				GCC_DYNAMIC_NO_PIC = NO;
				GCC_NO_COMMON_BLOCKS = YES;
				GCC_OPTIMIZATION_LEVEL = 0;
				GCC_PREPROCESSOR_DEFINITIONS = (
					"DEBUG=1",
					"$(inherited)",
				);
				GCC_WARN_64_TO_32_BIT_CONVERSION = YES;
				GCC_WARN_ABOUT_RETURN_TYPE = YES_ERROR;
				GCC_WARN_UNDECLARED_SELECTOR = YES;
				GCC_WARN_UNINITIALIZED_AUTOS = YES_AGGRESSIVE;
				GCC_WARN_UNUSED_FUNCTION = YES;
				GCC_WARN_UNUSED_VARIABLE = YES;
				IPHONEOS_DEPLOYMENT_TARGET = 12.2;
				MTL_ENABLE_DEBUG_INFO = INCLUDE_SOURCE;
				MTL_FAST_MATH = YES;
				ONLY_ACTIVE_ARCH = YES;
				SDKROOT = iphoneos;
				SWIFT_ACTIVE_COMPILATION_CONDITIONS = DEBUG;
				SWIFT_OPTIMIZATION_LEVEL = "-Onone";
			};
			name = Debug;
		};
		E11D3C42228AD8500054A1BB /* Release */ = {
			isa = XCBuildConfiguration;
			buildSettings = {
				ALWAYS_SEARCH_USER_PATHS = NO;
				CLANG_ANALYZER_NONNULL = YES;
				CLANG_ANALYZER_NUMBER_OBJECT_CONVERSION = YES_AGGRESSIVE;
				CLANG_CXX_LANGUAGE_STANDARD = "gnu++14";
				CLANG_CXX_LIBRARY = "libc++";
				CLANG_ENABLE_MODULES = YES;
				CLANG_ENABLE_OBJC_ARC = YES;
				CLANG_ENABLE_OBJC_WEAK = YES;
				CLANG_WARN_BLOCK_CAPTURE_AUTORELEASING = YES;
				CLANG_WARN_BOOL_CONVERSION = YES;
				CLANG_WARN_COMMA = YES;
				CLANG_WARN_CONSTANT_CONVERSION = YES;
				CLANG_WARN_DEPRECATED_OBJC_IMPLEMENTATIONS = YES;
				CLANG_WARN_DIRECT_OBJC_ISA_USAGE = YES_ERROR;
				CLANG_WARN_DOCUMENTATION_COMMENTS = YES;
				CLANG_WARN_EMPTY_BODY = YES;
				CLANG_WARN_ENUM_CONVERSION = YES;
				CLANG_WARN_INFINITE_RECURSION = YES;
				CLANG_WARN_INT_CONVERSION = YES;
				CLANG_WARN_NON_LITERAL_NULL_CONVERSION = YES;
				CLANG_WARN_OBJC_IMPLICIT_RETAIN_SELF = YES;
				CLANG_WARN_OBJC_LITERAL_CONVERSION = YES;
				CLANG_WARN_OBJC_ROOT_CLASS = YES_ERROR;
				CLANG_WARN_RANGE_LOOP_ANALYSIS = YES;
				CLANG_WARN_STRICT_PROTOTYPES = YES;
				CLANG_WARN_SUSPICIOUS_MOVE = YES;
				CLANG_WARN_UNGUARDED_AVAILABILITY = YES_AGGRESSIVE;
				CLANG_WARN_UNREACHABLE_CODE = YES;
				CLANG_WARN__DUPLICATE_METHOD_MATCH = YES;
				CODE_SIGN_IDENTITY = "iPhone Developer";
				COPY_PHASE_STRIP = NO;
				DEBUG_INFORMATION_FORMAT = "dwarf-with-dsym";
				ENABLE_NS_ASSERTIONS = NO;
				ENABLE_STRICT_OBJC_MSGSEND = YES;
				GCC_C_LANGUAGE_STANDARD = gnu11;
				GCC_NO_COMMON_BLOCKS = YES;
				GCC_WARN_64_TO_32_BIT_CONVERSION = YES;
				GCC_WARN_ABOUT_RETURN_TYPE = YES_ERROR;
				GCC_WARN_UNDECLARED_SELECTOR = YES;
				GCC_WARN_UNINITIALIZED_AUTOS = YES_AGGRESSIVE;
				GCC_WARN_UNUSED_FUNCTION = YES;
				GCC_WARN_UNUSED_VARIABLE = YES;
				IPHONEOS_DEPLOYMENT_TARGET = 12.2;
				MTL_ENABLE_DEBUG_INFO = NO;
				MTL_FAST_MATH = YES;
				SDKROOT = iphoneos;
				SWIFT_COMPILATION_MODE = wholemodule;
				SWIFT_OPTIMIZATION_LEVEL = "-O";
				VALIDATE_PRODUCT = YES;
			};
			name = Release;
		};
		E11D3C44228AD8500054A1BB /* Debug */ = {
			isa = XCBuildConfiguration;
			buildSettings = {
				ASSETCATALOG_COMPILER_APPICON_NAME = AppIcon;
				CODE_SIGN_STYLE = Automatic;
				DEVELOPMENT_TEAM = P6DBU8DWFF;
				INFOPLIST_FILE = "Tips 07_01_Substrings/Info.plist";
				LD_RUNPATH_SEARCH_PATHS = (
					"$(inherited)",
					"@executable_path/Frameworks",
				);
				PRODUCT_BUNDLE_IDENTIFIER = "com.makeAppPie.Tips-07-01-Substrings";
				PRODUCT_NAME = "$(TARGET_NAME)";
				SWIFT_VERSION = 5.0;
				TARGETED_DEVICE_FAMILY = "1,2";
			};
			name = Debug;
		};
		E11D3C45228AD8500054A1BB /* Release */ = {
			isa = XCBuildConfiguration;
			buildSettings = {
				ASSETCATALOG_COMPILER_APPICON_NAME = AppIcon;
				CODE_SIGN_STYLE = Automatic;
				DEVELOPMENT_TEAM = P6DBU8DWFF;
				INFOPLIST_FILE = "Tips 07_01_Substrings/Info.plist";
				LD_RUNPATH_SEARCH_PATHS = (
					"$(inherited)",
					"@executable_path/Frameworks",
				);
				PRODUCT_BUNDLE_IDENTIFIER = "com.makeAppPie.Tips-07-01-Substrings";
				PRODUCT_NAME = "$(TARGET_NAME)";
				SWIFT_VERSION = 5.0;
				TARGETED_DEVICE_FAMILY = "1,2";
			};
			name = Release;
		};
/* End XCBuildConfiguration section */

/* Begin XCConfigurationList section */
		E11D3C2C228AD84E0054A1BB /* Build configuration list for PBXProject "Tips 07_01_Substrings" */ = {
			isa = XCConfigurationList;
			buildConfigurations = (
				E11D3C41228AD8500054A1BB /* Debug */,
				E11D3C42228AD8500054A1BB /* Release */,
			);
			defaultConfigurationIsVisible = 0;
			defaultConfigurationName = Release;
		};
		E11D3C43228AD8500054A1BB /* Build configuration list for PBXNativeTarget "Tips 07_01_Substrings" */ = {
			isa = XCConfigurationList;
			buildConfigurations = (
				E11D3C44228AD8500054A1BB /* Debug */,
				E11D3C45228AD8500054A1BB /* Release */,
			);
			defaultConfigurationIsVisible = 0;
			defaultConfigurationName = Release;
		};
/* End XCConfigurationList section */
	};
	rootObject = E11D3C29228AD84E0054A1BB /* Project object */;
}
